
Microsoft Visual Studio Solution File, Format Version 12.00
# Visual Studio Version 16
VisualStudioVersion = 16.0.29613.14
MinimumVisualStudioVersion = 10.0.40219.1
Project("{FAE04EC0-301F-11D3-BF4B-00C04F79EFBC}") = "Markdig.Gist", "src\Markdig.Gist\Markdig.Gist.csproj", "{22FF93CA-145A-423B-B8F5-D84BC56934E8}"
EndProject
Project("{FAE04EC0-301F-11D3-BF4B-00C04F79EFBC}") = "Markdig.Gist.Tests", "tests\Markdig.Gist.Tests\Markdig.Gist.Tests.csproj", "{11BE48C5-0848-4EDF-B71F-FC922FC8F275}"
EndProject
Global
	GlobalSection(SolutionConfigurationPlatforms) = preSolution
		Debug|Any CPU = Debug|Any CPU
		Release|Any CPU = Release|Any CPU
	EndGlobalSection
	GlobalSection(ProjectConfigurationPlatforms) = postSolution
		{22FF93CA-145A-423B-B8F5-D84BC56934E8}.Debug|Any CPU.ActiveCfg = Debug|Any CPU
		{22FF93CA-145A-423B-B8F5-D84BC56934E8}.Debug|Any CPU.Build.0 = Debug|Any CPU
		{22FF93CA-145A-423B-B8F5-D84BC56934E8}.Release|Any CPU.ActiveCfg = Release|Any CPU
		{22FF93CA-145A-423B-B8F5-D84BC56934E8}.Release|Any CPU.Build.0 = Release|Any CPU
		{11BE48C5-0848-4EDF-B71F-FC922FC8F275}.Debug|Any CPU.ActiveCfg = Debug|Any CPU
		{11BE48C5-0848-4EDF-B71F-FC922FC8F275}.Debug|Any CPU.Build.0 = Debug|Any CPU
		{11BE48C5-0848-4EDF-B71F-FC922FC8F275}.Release|Any CPU.ActiveCfg = Release|Any CPU
		{11BE48C5-0848-4EDF-B71F-FC922FC8F275}.Release|Any CPU.Build.0 = Release|Any CPU
	EndGlobalSection
	GlobalSection(SolutionProperties) = preSolution
		HideSolutionNode = FALSE
	EndGlobalSection
	GlobalSection(ExtensibilityGlobals) = postSolution
		SolutionGuid = {90FB6EB0-4EA6-44AD-9F90-60D0C53B3C31}
	EndGlobalSection
EndGlobal
